
Microsoft Visual Studio Solution File, Format Version 12.00
# Visual Studio Version 17
VisualStudioVersion = 17.8.34330.188
MinimumVisualStudioVersion = 10.0.40219.1
Project("{FAE04EC0-301F-11D3-BF4B-00C04F79EFBC}") = "JuicePlugin", "JuicePlugin\JuicePlugin.csproj", "{B9C4F25D-C068-4FA1-99AB-D85E4FD77700}"
EndProject
Global
	GlobalSection(SolutionConfigurationPlatforms) = preSolution
		Debug|Any CPU = Debug|Any CPU
		Release|Any CPU = Release|Any CPU
	EndGlobalSection
	GlobalSection(ProjectConfigurationPlatforms) = postSolution
		{B9C4F25D-C068-4FA1-99AB-D85E4FD77700}.Debug|Any CPU.ActiveCfg = Debug|Any CPU
		{B9C4F25D-C068-4FA1-99AB-D85E4FD77700}.Debug|Any CPU.Build.0 = Debug|Any CPU
		{B9C4F25D-C068-4FA1-99AB-D85E4FD77700}.Release|Any CPU.ActiveCfg = Release|Any CPU
		{B9C4F25D-C068-4FA1-99AB-D85E4FD77700}.Release|Any CPU.Build.0 = Release|Any CPU
	EndGlobalSection
	GlobalSection(SolutionProperties) = preSolution
		HideSolutionNode = FALSE
	EndGlobalSection
	GlobalSection(ExtensibilityGlobals) = postSolution
		SolutionGuid = {84BC0F16-EE42-4B9A-980B-D302DCF95162}
	EndGlobalSection
EndGlobal
